
Microsoft Visual Studio Solution File, Format Version 12.00
# Visual Studio Version 17
VisualStudioVersion = 17.14.37027.9 d17.14
MinimumVisualStudioVersion = 10.0.40219.1
Project("{FAE04EC0-301F-11D3-BF4B-00C04F79EFBC}") = "ERPaperless", "ERPaperless.csproj", "{4E1D6B37-5BC5-4D70-BE92-972E11E1BA83}"
EndProject
Global
	GlobalSection(SolutionConfigurationPlatforms) = preSolution
		Debug|Any CPU = Debug|Any CPU
		Release|Any CPU = Release|Any CPU
	EndGlobalSection
	GlobalSection(ProjectConfigurationPlatforms) = postSolution
		{4E1D6B37-5BC5-4D70-BE92-972E11E1BA83}.Debug|Any CPU.ActiveCfg = Debug|Any CPU
		{4E1D6B37-5BC5-4D70-BE92-972E11E1BA83}.Debug|Any CPU.Build.0 = Debug|Any CPU
		{4E1D6B37-5BC5-4D70-BE92-972E11E1BA83}.Release|Any CPU.ActiveCfg = Release|Any CPU
		{4E1D6B37-5BC5-4D70-BE92-972E11E1BA83}.Release|Any CPU.Build.0 = Release|Any CPU
	EndGlobalSection
	GlobalSection(SolutionProperties) = preSolution
		HideSolutionNode = FALSE
	EndGlobalSection
	GlobalSection(ExtensibilityGlobals) = postSolution
		SolutionGuid = {260C4974-40B3-41AC-956A-D190273264CF}
	EndGlobalSection
EndGlobal
